<?xml version="1.0" encoding="utf-8"?>
<Project ToolsVersion="4.0" xmlns="http://schemas.microsoft.com/developer/msbuild/2003">
  <ItemGroup>
    <Filter Include="98. Headers">
      <UniqueIdentifier>{cd5deaa8-e6d7-4ef2-b4d8-fbf6a9bf3747}</UniqueIdentifier>
    </Filter>
    <Filter Include="00. Tool">
      <UniqueIdentifier>{f1076139-d172-435b-b927-ad5dd66e8029}</UniqueIdentifier>
    </Filter>
    <Filter Include="00. Tool\00. MainTool">
      <UniqueIdentifier>{f72814e3-c302-4a01-a863-418eb73c493e}</UniqueIdentifier>
    </Filter>
    <Filter Include="00. Tool\01. Document">
      <UniqueIdentifier>{527532f7-8d50-4612-be9d-ff85e86fe3e8}</UniqueIdentifier>
    </Filter>
    <Filter Include="00. Tool\02. FrameWnd">
      <UniqueIdentifier>{c64b7156-4f12-41db-883f-eada905cfacf}</UniqueIdentifier>
    </Filter>
    <Filter Include="00. Tool\03. ViewWnd">
      <UniqueIdentifier>{faf6de38-155d-413d-bbe3-a8beef829ed0}</UniqueIdentifier>
    </Filter>
    <Filter Include="01. GameApp">
      <UniqueIdentifier>{f72adb9a-9168-4719-bffc-9b07963d8e07}</UniqueIdentifier>
    </Filter>
    <Filter Include="01. GameApp\00. MainApp">
      <UniqueIdentifier>{5a7f8b53-ba54-406b-a2b8-202d2a6fa36d}</UniqueIdentifier>
    </Filter>
    <Filter Include="01. GameApp\01. Scene">
      <UniqueIdentifier>{2603960d-7cde-4682-8f43-17697c74878e}</UniqueIdentifier>
    </Filter>
    <Filter Include="01. GameApp\01. Scene\00. Tool_Scene">
      <UniqueIdentifier>{1223b047-027e-4f26-9b46-64c5eebe149c}</UniqueIdentifier>
    </Filter>
    <Filter Include="01. GameApp\02. GameObject">
      <UniqueIdentifier>{9928d6df-9174-4c9f-ab25-a3b763625787}</UniqueIdentifier>
    </Filter>
    <Filter Include="01. GameApp\02. GameObject\99. Public">
      <UniqueIdentifier>{7e3aa5d4-f592-455f-8308-eb68ec01782c}</UniqueIdentifier>
    </Filter>
    <Filter Include="01. GameApp\02. GameObject\99. Public\00. Camera_Debug">
      <UniqueIdentifier>{fdb9c204-eac0-46df-9ae3-b4ef32684b45}</UniqueIdentifier>
    </Filter>
    <Filter Include="01. GameApp\96. ShaderFiles">
      <UniqueIdentifier>{43b31ce5-4328-4fc2-befc-744711f82d26}</UniqueIdentifier>
    </Filter>
    <Filter Include="01. GameApp\97. Engine">
      <UniqueIdentifier>{82d73aaa-f878-4a64-a240-b2941b0c5789}</UniqueIdentifier>
    </Filter>
    <Filter Include="01. GameApp\97. Engine\99. SuperClass">
      <UniqueIdentifier>{abf23b09-07d7-4d05-8659-d3945cd723ae}</UniqueIdentifier>
    </Filter>
    <Filter Include="01. GameApp\97. Engine\99. SuperClass\00. Base">
      <UniqueIdentifier>{6300a774-ec3e-4630-a270-c5cae85518ba}</UniqueIdentifier>
    </Filter>
    <Filter Include="01. GameApp\97. Engine\00. System">
      <UniqueIdentifier>{5680db19-a92a-4dab-ab83-ab12f35fd9f4}</UniqueIdentifier>
    </Filter>
    <Filter Include="01. GameApp\97. Engine\00. System\00. Device">
      <UniqueIdentifier>{11856345-ef65-402d-ac6e-c5c1d42ff6bf}</UniqueIdentifier>
    </Filter>
    <Filter Include="01. GameApp\97. Engine\00. System\01. Input">
      <UniqueIdentifier>{06fbdf5e-99b1-41f2-b15f-d5950f734010}</UniqueIdentifier>
    </Filter>
    <Filter Include="01. GameApp\97. Engine\00. System\02. Frame">
      <UniqueIdentifier>{0826c916-fbe8-420f-9ebd-ddd49d40cd78}</UniqueIdentifier>
    </Filter>
    <Filter Include="01. GameApp\97. Engine\00. System\02. Frame\00. Frame">
      <UniqueIdentifier>{0853b3a3-2ff3-4b60-816f-cbac03de4717}</UniqueIdentifier>
    </Filter>
    <Filter Include="01. GameApp\97. Engine\00. System\02. Frame\01. Frame_Mgr">
      <UniqueIdentifier>{58a9a442-c30b-47f8-a692-33635f814f43}</UniqueIdentifier>
    </Filter>
    <Filter Include="01. GameApp\97. Engine\00. System\03. Timer">
      <UniqueIdentifier>{cf256661-00f4-49cb-8d91-bb86a4bcacdc}</UniqueIdentifier>
    </Filter>
    <Filter Include="01. GameApp\97. Engine\00. System\03. Timer\00. Timer">
      <UniqueIdentifier>{5d38bd60-694a-456e-b310-7f0f45855e26}</UniqueIdentifier>
    </Filter>
    <Filter Include="01. GameApp\97. Engine\00. System\03. Timer\01. Timer_Mgr">
      <UniqueIdentifier>{adfb951b-0137-43ac-8414-02028a181386}</UniqueIdentifier>
    </Filter>
    <Filter Include="01. GameApp\97. Engine\01. Utility">
      <UniqueIdentifier>{30ccb5b4-b169-495b-b928-decc22adcbe2}</UniqueIdentifier>
    </Filter>
    <Filter Include="01. GameApp\97. Engine\01. Utility\00. Management">
      <UniqueIdentifier>{ba8faa0b-b3bb-437f-abb4-e601087c624c}</UniqueIdentifier>
    </Filter>
    <Filter Include="01. GameApp\97. Engine\01. Utility\00. Management\00. Scene">
      <UniqueIdentifier>{567ac6e1-c6ab-46b3-a44b-b903fb024f8e}</UniqueIdentifier>
    </Filter>
    <Filter Include="01. GameApp\97. Engine\01. Utility\01. GameObject">
      <UniqueIdentifier>{2acac5b2-f1f1-4a87-83fd-c6632e491bdb}</UniqueIdentifier>
    </Filter>
    <Filter Include="01. GameApp\97. Engine\01. Utility\01. GameObject\00. Layer">
      <UniqueIdentifier>{f46997bc-8640-4439-a054-3e40d21f9049}</UniqueIdentifier>
    </Filter>
    <Filter Include="01. GameApp\97. Engine\01. Utility\01. GameObject\00. Layer\00. GameObject">
      <UniqueIdentifier>{252739a1-7bc2-4d9e-98a0-1a1ab07ec026}</UniqueIdentifier>
    </Filter>
    <Filter Include="01. GameApp\97. Engine\01. Utility\01. GameObject\00. Layer\00. GameObject\00. Camera">
      <UniqueIdentifier>{669f188f-eeeb-4b28-aea8-3379fb5f16cc}</UniqueIdentifier>
    </Filter>
    <Filter Include="01. GameApp\97. Engine\01. Utility\01. GameObject\01. GameObject_Mgr">
      <UniqueIdentifier>{e0ed8a26-caa3-4f71-83fa-639a73c586e2}</UniqueIdentifier>
    </Filter>
    <Filter Include="01. GameApp\97. Engine\01. Utility\02. Component">
      <UniqueIdentifier>{6225369c-30f9-4f70-928e-61bc5190a280}</UniqueIdentifier>
    </Filter>
    <Filter Include="01. GameApp\97. Engine\01. Utility\02. Component\01. Component_Mgr">
      <UniqueIdentifier>{7aa7e3b0-d615-4847-b192-a1cbea5fba02}</UniqueIdentifier>
    </Filter>
    <Filter Include="01. GameApp\97. Engine\01. Utility\02. Component\00. Component">
      <UniqueIdentifier>{c5ae063d-4e8a-484c-b2e4-5375a238f4b8}</UniqueIdentifier>
    </Filter>
    <Filter Include="01. GameApp\97. Engine\01. Utility\02. Component\00. Component\00. Renderer">
      <UniqueIdentifier>{5e072283-de80-4bb8-b8bd-df73a90641ba}</UniqueIdentifier>
    </Filter>
    <Filter Include="01. GameApp\97. Engine\01. Utility\02. Component\00. Component\01. Texture">
      <UniqueIdentifier>{e849377f-6f18-4f6b-82b3-d532a1ab82b2}</UniqueIdentifier>
    </Filter>
    <Filter Include="01. GameApp\97. Engine\01. Utility\02. Component\00. Component\02. Transform">
      <UniqueIdentifier>{b62162c1-6058-49b9-8c95-c10c5178bdce}</UniqueIdentifier>
    </Filter>
    <Filter Include="01. GameApp\97. Engine\01. Utility\02. Component\00. Component\03. VIBuffer">
      <UniqueIdentifier>{9b0b31a0-8aef-4d6e-904a-7313df998999}</UniqueIdentifier>
    </Filter>
    <Filter Include="01. GameApp\97. Engine\01. Utility\02. Component\00. Component\03. VIBuffer\00. Buffer_RcTex">
      <UniqueIdentifier>{bdb7b591-db6c-48aa-a2ef-aa0d9cd5f521}</UniqueIdentifier>
    </Filter>
    <Filter Include="01. GameApp\97. Engine\01. Utility\02. Component\00. Component\03. VIBuffer\01. Buffer_Terrain">
      <UniqueIdentifier>{c980546b-5152-4081-b7ac-6145451c0cc9}</UniqueIdentifier>
    </Filter>
    <Filter Include="01. GameApp\97. Engine\01. Utility\02. Component\00. Component\03. VIBuffer\02. Buffer_TirCol">
      <UniqueIdentifier>{db5eeea6-9aff-4b4e-bd23-ecb91066cf83}</UniqueIdentifier>
    </Filter>
    <Filter Include="01. GameApp\97. Engine\01. Utility\02. Component\00. Component\03. VIBuffer\03. Buffer_Cube">
      <UniqueIdentifier>{4d70f1b2-8428-405d-bbaa-966ad2bfbf78}</UniqueIdentifier>
    </Filter>
    <Filter Include="01. GameApp\97. Engine\01. Utility\02. Component\00. Component\04. Picking">
      <UniqueIdentifier>{3e2af389-7978-4206-9047-6b47cbbc28c0}</UniqueIdentifier>
    </Filter>
    <Filter Include="01. GameApp\97. Engine\01. Utility\02. Component\00. Component\05. Shader">
      <UniqueIdentifier>{0ea9dc89-5218-4d22-8e33-6671184fa91f}</UniqueIdentifier>
    </Filter>
    <Filter Include="01. GameApp\97. Engine\01. Utility\02. Component\00. Component\06. Mesh">
      <UniqueIdentifier>{5324a640-4c01-4064-b5c9-22a57e8df063}</UniqueIdentifier>
    </Filter>
    <Filter Include="01. GameApp\97. Engine\01. Utility\02. Component\00. Component\06. Mesh\00. Static_Mesh">
      <UniqueIdentifier>{9dc1e3e8-adb3-48a2-869e-4572f154fdc7}</UniqueIdentifier>
    </Filter>
    <Filter Include="01. GameApp\97. Engine\01. Utility\03. Light">
      <UniqueIdentifier>{ec8ff2ff-8e17-4a88-8213-2ef858dfaf57}</UniqueIdentifier>
    </Filter>
    <Filter Include="01. GameApp\97. Engine\01. Utility\03. Light\00. Light">
      <UniqueIdentifier>{406a5731-08ec-4edd-98af-891cca05e122}</UniqueIdentifier>
    </Filter>
    <Filter Include="01. GameApp\97. Engine\01. Utility\03. Light\01. Light_Mgr">
      <UniqueIdentifier>{114f4234-0f71-47b3-9fef-77beccfc6128}</UniqueIdentifier>
    </Filter>
    <Filter Include="00. Tool\04. Dialog">
      <UniqueIdentifier>{3029f27b-482e-4946-854d-c6ecc543f182}</UniqueIdentifier>
    </Filter>
    <Filter Include="01. GameApp\97. Engine\01. Utility\02. Component\00. Component\07. Font">
      <UniqueIdentifier>{3eaf3563-4917-40a6-80b2-bf5bce23ccd3}</UniqueIdentifier>
    </Filter>
    <Filter Include="00. Tool\04. Dialog\00. SecondWnd">
      <UniqueIdentifier>{d14291e2-9240-4a07-939a-69424d29da47}</UniqueIdentifier>
    </Filter>
    <Filter Include="00. Tool\04. Dialog\00. SecondWnd\00. UnitTool">
      <UniqueIdentifier>{eba2b979-eec4-47a6-8cdb-a88886eda184}</UniqueIdentifier>
    </Filter>
    <Filter Include="00. Tool\04. Dialog\00. SecondWnd\01. EffectTool">
      <UniqueIdentifier>{855c4816-fa4d-436f-bd84-60700d6713aa}</UniqueIdentifier>
    </Filter>
    <Filter Include="00. Tool\04. Dialog\00. SecondWnd\02. UI">
      <UniqueIdentifier>{4905375c-d36f-43f9-8713-f90f85d2f5a1}</UniqueIdentifier>
    </Filter>
    <Filter Include="00. Tool\04. Dialog\00. SecondWnd\03. NaviMesh">
      <UniqueIdentifier>{08926f37-70e9-4c4f-ba92-fac909bb57c7}</UniqueIdentifier>
    </Filter>
    <Filter Include="01. GameApp\97. Engine\01. Utility\02. Component\00. Component\08. Navi">
      <UniqueIdentifier>{5fd0dc47-3d66-4a0b-abb3-1a2427226e59}</UniqueIdentifier>
    </Filter>
    <Filter Include="01. GameApp\97. Engine\01. Utility\02. Component\00. Component\08. Navi\00. Cell">
      <UniqueIdentifier>{279eedea-c9db-48fe-9e88-3ae639e46007}</UniqueIdentifier>
    </Filter>
    <Filter Include="01. GameApp\97. Engine\01. Utility\02. Component\00. Component\08. Navi\01. Line">
      <UniqueIdentifier>{a5ad1488-5077-4d56-ba59-464154097039}</UniqueIdentifier>
    </Filter>
    <Filter Include="01. GameApp\02. GameObject\01. Dynamic_Mesh">
      <UniqueIdentifier>{e56a29d4-c17a-4b79-a99d-ed765bd29db9}</UniqueIdentifier>
    </Filter>
    <Filter Include="01. GameApp\02. GameObject\00. Static_Mesh">
      <UniqueIdentifier>{652f9ebd-d009-43a3-9e3d-9ed03e40af67}</UniqueIdentifier>
    </Filter>
    <Filter Include="01. GameApp\02. GameObject\99. Public\01. Terrain">
      <UniqueIdentifier>{b206cbc3-9d01-403b-a1c4-3327530ca862}</UniqueIdentifier>
    </Filter>
    <Filter Include="01. GameApp\02. GameObject\99. Public\02. SkyBox">
      <UniqueIdentifier>{e789dd88-7382-4fc6-8a42-db9a76d98ec0}</UniqueIdentifier>
    </Filter>
    <Filter Include="01. GameApp\02. GameObject\00. Static_Mesh\00. Cliff">
      <UniqueIdentifier>{e90e8199-6f35-42b4-bc17-f4786023049e}</UniqueIdentifier>
    </Filter>
    <Filter Include="01. GameApp\02. GameObject\00. Static_Mesh\01. Fence">
      <UniqueIdentifier>{000506c1-fedc-43c6-bc42-58e97c1b53e1}</UniqueIdentifier>
    </Filter>
    <Filter Include="01. GameApp\02. GameObject\00. Static_Mesh\00. Cliff\00. Cliff0">
      <UniqueIdentifier>{99c4f484-a36a-49a8-8803-2ccb444d8935}</UniqueIdentifier>
    </Filter>
    <Filter Include="01. GameApp\02. GameObject\00. Static_Mesh\00. Cliff\01. Cliff1">
      <UniqueIdentifier>{93bd499f-8232-41f1-a9fa-406490f1e797}</UniqueIdentifier>
    </Filter>
    <Filter Include="01. GameApp\02. GameObject\00. Static_Mesh\00. Cliff\02. Cliff2">
      <UniqueIdentifier>{31cac5e5-9267-483e-a922-3518bda913fb}</UniqueIdentifier>
    </Filter>
    <Filter Include="01. GameApp\02. GameObject\00. Static_Mesh\00. Cliff\03. Cliff3">
      <UniqueIdentifier>{be058c62-3798-4ae2-bb13-dad8021ca212}</UniqueIdentifier>
    </Filter>
    <Filter Include="01. GameApp\02. GameObject\00. Static_Mesh\00. Cliff\04. Cliff4">
      <UniqueIdentifier>{1d6e634c-f8dd-4819-b49d-8b0d8ccbf3ae}</UniqueIdentifier>
    </Filter>
    <Filter Include="01. GameApp\02. GameObject\00. Static_Mesh\01. Fence\00. Fence0">
      <UniqueIdentifier>{3a58b84b-1f66-41ca-af96-5bb03859edcb}</UniqueIdentifier>
    </Filter>
    <Filter Include="01. GameApp\02. GameObject\00. Static_Mesh\01. Fence\01. Fence1">
      <UniqueIdentifier>{8ef20a38-3697-44d3-9d43-1287d259f21c}</UniqueIdentifier>
    </Filter>
    <Filter Include="01. GameApp\02. GameObject\00. Static_Mesh\01. Fence\02. Fence2">
      <UniqueIdentifier>{f04012e4-10f9-4577-b628-86b137095e6f}</UniqueIdentifier>
    </Filter>
    <Filter Include="01. GameApp\02. GameObject\00. Static_Mesh\01. Fence\03. Fence3">
      <UniqueIdentifier>{31a34c41-06cf-4615-9dce-d3f27ace0f53}</UniqueIdentifier>
    </Filter>
    <Filter Include="01. GameApp\02. GameObject\00. Static_Mesh\01. Fence\04. Fence4">
      <UniqueIdentifier>{cf5f112f-0334-43f9-9c6c-668e840af05d}</UniqueIdentifier>
    </Filter>
    <Filter Include="01. GameApp\02. GameObject\00. Static_Mesh\01. Fence\05. Fence5">
      <UniqueIdentifier>{d2ea0789-ec13-49e9-813e-1254da28b214}</UniqueIdentifier>
    </Filter>
    <Filter Include="01. GameApp\02. GameObject\00. Static_Mesh\01. Fence\06. Fence6">
      <UniqueIdentifier>{f1b841c6-0ed2-417d-af5b-8fe57ff8cbd2}</UniqueIdentifier>
    </Filter>
    <Filter Include="01. GameApp\02. GameObject\00. Static_Mesh\01. Fence\07. Fence7">
      <UniqueIdentifier>{22a16cc9-8e2b-423e-8c6b-bde5d1392e5a}</UniqueIdentifier>
    </Filter>
    <Filter Include="00. Tool\04. Dialog\00. SecondWnd\04. AnimationTool">
      <UniqueIdentifier>{65fac8b3-4ce7-47af-89da-d4e99134a40a}</UniqueIdentifier>
    </Filter>
    <Filter Include="01. GameApp\97. Engine\01. Utility\02. Component\00. Component\06. Mesh\01. Dynamic_Mesh">
      <UniqueIdentifier>{3389faeb-23be-4513-b8fa-1323e0656dc0}</UniqueIdentifier>
    </Filter>
    <Filter Include="01. GameApp\97. Engine\01. Utility\02. Component\00. Component\06. Mesh\01. Dynamic_Mesh\00. AnimateCtrl">
      <UniqueIdentifier>{b2f5139b-c76f-4ca0-b57d-bfb44ca01aa3}</UniqueIdentifier>
    </Filter>
    <Filter Include="01. GameApp\97. Engine\01. Utility\02. Component\00. Component\06. Mesh\01. Dynamic_Mesh\01. Hierachy_Loader">
      <UniqueIdentifier>{e7d02947-baae-4f50-95b5-7a5a6f92e2a1}</UniqueIdentifier>
    </Filter>
    <Filter Include="01. GameApp\02. GameObject\01. Dynamic_Mesh\00. Player">
      <UniqueIdentifier>{65a809bc-6d3a-4b1f-8446-7a0689b98069}</UniqueIdentifier>
    </Filter>
    <Filter Include="01. GameApp\02. GameObject\01. Dynamic_Mesh\01. Beatle">
      <UniqueIdentifier>{764e7c16-c8d5-42bd-905c-8e3613a73e45}</UniqueIdentifier>
    </Filter>
    <Filter Include="01. GameApp\02. GameObject\01. Dynamic_Mesh\02. Bee">
      <UniqueIdentifier>{2a8d37f8-709b-4e50-b3fc-ea7ad1ae894b}</UniqueIdentifier>
    </Filter>
    <Filter Include="01. GameApp\02. GameObject\01. Dynamic_Mesh\03. Mantis">
      <UniqueIdentifier>{afff7175-1a40-47fe-a393-5eb2aa9b78ef}</UniqueIdentifier>
    </Filter>
    <Filter Include="01. GameApp\02. GameObject\01. Dynamic_Mesh\04. Monkey">
      <UniqueIdentifier>{645ab9d1-f0f4-4548-a408-568054816f27}</UniqueIdentifier>
    </Filter>
    <Filter Include="01. GameApp\02. GameObject\01. Dynamic_Mesh\05. NPC">
      <UniqueIdentifier>{0c064868-31c7-4923-b4b1-b4de361651a8}</UniqueIdentifier>
    </Filter>
    <Filter Include="01. GameApp\02. GameObject\01. Dynamic_Mesh\06. Tower">
      <UniqueIdentifier>{11bc95e8-12b4-4adc-af87-6ec7a413b3d6}</UniqueIdentifier>
    </Filter>
    <Filter Include="99. Default">
      <UniqueIdentifier>{1c1c642d-9ccd-4e3a-adc6-09690110fb39}</UniqueIdentifier>
    </Filter>
    <Filter Include="00. Tool\04. Dialog\00. SecondWnd\05. TerrainTool">
      <UniqueIdentifier>{50dfc0d5-b8fc-4838-9cec-d40f77222e4e}</UniqueIdentifier>
    </Filter>
    <Filter Include="01. GameApp\02. GameObject\02. UI">
      <UniqueIdentifier>{44ff10ab-1170-4cd0-8805-3a48a65366d0}</UniqueIdentifier>
    </Filter>
    <Filter Include="01. GameApp\02. GameObject\02. UI\00. OnHeadFont">
      <UniqueIdentifier>{77145aa0-11b5-459f-8122-94061243b0df}</UniqueIdentifier>
    </Filter>
    <Filter Include="01. GameApp\02. GameObject\02. UI\01. HP">
      <UniqueIdentifier>{9801d0de-1cc6-4b34-8f1b-848c866a19c7}</UniqueIdentifier>
    </Filter>
    <Filter Include="01. GameApp\02. GameObject\02. UI\03. MP">
      <UniqueIdentifier>{152b09b2-6795-49a1-8abd-c74850bcda96}</UniqueIdentifier>
    </Filter>
    <Filter Include="01. GameApp\02. GameObject\02. UI\02. Back_Hp">
      <UniqueIdentifier>{f60b8dec-2876-4290-875d-a87087196235}</UniqueIdentifier>
    </Filter>
    <Filter Include="01. GameApp\02. GameObject\02. UI\04. Back_Mp">
      <UniqueIdentifier>{ed5a5089-b258-4bc5-b3b0-51ea1fe7c167}</UniqueIdentifier>
    </Filter>
    <Filter Include="01. GameApp\02. GameObject\02. UI\06. OnHeadHP">
      <UniqueIdentifier>{4703be45-2226-4182-b6db-d9209c0343df}</UniqueIdentifier>
    </Filter>
    <Filter Include="01. GameApp\02. GameObject\00. Static_Mesh\02. Flower">
      <UniqueIdentifier>{519ee9e5-6b4b-4978-a976-edf6b0670a09}</UniqueIdentifier>
    </Filter>
    <Filter Include="01. GameApp\02. GameObject\00. Static_Mesh\02. Flower\00. Flower0">
      <UniqueIdentifier>{88b4a85b-f136-4f14-81b8-30350c6d9e3a}</UniqueIdentifier>
    </Filter>
    <Filter Include="01. GameApp\02. GameObject\00. Static_Mesh\02. Flower\01. Flower1">
      <UniqueIdentifier>{14edf9c2-b48b-4f84-8395-55fa579d2eb6}</UniqueIdentifier>
    </Filter>
    <Filter Include="01. GameApp\02. GameObject\00. Static_Mesh\02. Flower\02. Flower2">
      <UniqueIdentifier>{678dceb1-8225-404c-99af-4313f219caf7}</UniqueIdentifier>
    </Filter>
    <Filter Include="01. GameApp\02. GameObject\00. Static_Mesh\02. Flower\03. Flower3">
      <UniqueIdentifier>{bbabeb71-abb5-4d93-8fa2-65ffe74c89ba}</UniqueIdentifier>
    </Filter>
    <Filter Include="01. GameApp\02. GameObject\00. Static_Mesh\02. Flower\04. Flower4">
      <UniqueIdentifier>{9b072950-924b-43ee-bf3a-23902ff4b566}</UniqueIdentifier>
    </Filter>
    <Filter Include="01. GameApp\02. GameObject\00. Static_Mesh\02. Flower\05. Flower5">
      <UniqueIdentifier>{33db52cd-1298-4095-90ff-03603a83310f}</UniqueIdentifier>
    </Filter>
    <Filter Include="01. GameApp\02. GameObject\00. Static_Mesh\02. Flower\06. Flower6">
      <UniqueIdentifier>{1b41ba70-b6a1-4c89-ad5f-2cd4536f8faa}</UniqueIdentifier>
    </Filter>
    <Filter Include="01. GameApp\02. GameObject\00. Static_Mesh\02. Flower\07. Flower7">
      <UniqueIdentifier>{cb0b34a5-09e7-4328-9c2a-b825ab283db6}</UniqueIdentifier>
    </Filter>
    <Filter Include="01. GameApp\02. GameObject\00. Static_Mesh\02. Flower\08. Flower8">
      <UniqueIdentifier>{31e95909-ca5e-4f35-8a54-31a64e19935a}</UniqueIdentifier>
    </Filter>
    <Filter Include="01. GameApp\02. GameObject\00. Static_Mesh\02. Flower\09. Flower9">
      <UniqueIdentifier>{fe2b8abc-3bd3-4484-9e3b-a2b581c7d39b}</UniqueIdentifier>
    </Filter>
    <Filter Include="01. GameApp\02. GameObject\00. Static_Mesh\02. Flower\10. Flower10">
      <UniqueIdentifier>{0d070fc0-95aa-42ee-b392-c053028a0376}</UniqueIdentifier>
    </Filter>
    <Filter Include="01. GameApp\02. GameObject\00. Static_Mesh\04. Hill">
      <UniqueIdentifier>{5c5c4468-e71e-4fcf-9c3c-e7f107605cf2}</UniqueIdentifier>
    </Filter>
    <Filter Include="01. GameApp\02. GameObject\00. Static_Mesh\04. Hill\00. Hill0">
      <UniqueIdentifier>{4bef12f4-4882-40a2-81b6-6baeaeea3fc5}</UniqueIdentifier>
    </Filter>
    <Filter Include="01. GameApp\02. GameObject\00. Static_Mesh\04. Hill\01. Hill1">
      <UniqueIdentifier>{4210bd67-a80c-4f23-95fd-c54f65c4796d}</UniqueIdentifier>
    </Filter>
    <Filter Include="01. GameApp\02. GameObject\00. Static_Mesh\04. Hill\02. Hill2">
      <UniqueIdentifier>{ba6983a9-88bb-4b9d-8473-924fcf53d603}</UniqueIdentifier>
    </Filter>
    <Filter Include="01. GameApp\02. GameObject\00. Static_Mesh\05. House">
      <UniqueIdentifier>{22692232-6a74-4fd5-b846-0714eb444a1e}</UniqueIdentifier>
    </Filter>
    <Filter Include="01. GameApp\02. GameObject\00. Static_Mesh\05. House\00. House0">
      <UniqueIdentifier>{16e3b199-6c2d-40ea-b09d-e502cd207f15}</UniqueIdentifier>
    </Filter>
    <Filter Include="01. GameApp\02. GameObject\00. Static_Mesh\06. Rock">
      <UniqueIdentifier>{56906023-173c-4217-8082-59681033410e}</UniqueIdentifier>
    </Filter>
    <Filter Include="01. GameApp\02. GameObject\00. Static_Mesh\06. Rock\00. Rock0">
      <UniqueIdentifier>{cc9a6854-e4f1-4728-af19-d16357d6ea98}</UniqueIdentifier>
    </Filter>
    <Filter Include="01. GameApp\02. GameObject\00. Static_Mesh\06. Rock\01. Rock1">
      <UniqueIdentifier>{940585e5-63f9-4829-9d66-ed0dea62ab0d}</UniqueIdentifier>
    </Filter>
    <Filter Include="01. GameApp\02. GameObject\00. Static_Mesh\06. Rock\02. Rock2">
      <UniqueIdentifier>{7ccbd600-5834-434c-9db6-0edbef2c2c93}</UniqueIdentifier>
    </Filter>
    <Filter Include="01. GameApp\02. GameObject\00. Static_Mesh\06. Rock\03. Rock3">
      <UniqueIdentifier>{aabbbbbd-4fc7-4452-b802-73aeb08bc8a9}</UniqueIdentifier>
    </Filter>
    <Filter Include="01. GameApp\02. GameObject\00. Static_Mesh\06. Rock\04. Rock4">
      <UniqueIdentifier>{68ac10ba-a7e6-4088-b4cf-3156efce60ee}</UniqueIdentifier>
    </Filter>
    <Filter Include="01. GameApp\02. GameObject\00. Static_Mesh\06. Rock\05. Rock5">
      <UniqueIdentifier>{730ece96-fbb6-41f7-a66b-81c362acd1a0}</UniqueIdentifier>
    </Filter>
    <Filter Include="01. GameApp\02. GameObject\00. Static_Mesh\06. Rock\06. Rock6">
      <UniqueIdentifier>{9addd7d5-7a5b-4960-8b9b-92515f953ce6}</UniqueIdentifier>
    </Filter>
    <Filter Include="01. GameApp\02. GameObject\00. Static_Mesh\07. Tree">
      <UniqueIdentifier>{b1f47d6d-4ec6-468d-b0fd-15daf76096c0}</UniqueIdentifier>
    </Filter>
    <Filter Include="01. GameApp\02. GameObject\00. Static_Mesh\03. Grass">
      <UniqueIdentifier>{3474cccd-73bc-43b7-8989-2460ab69baaa}</UniqueIdentifier>
    </Filter>
    <Filter Include="01. GameApp\02. GameObject\00. Static_Mesh\03. Grass\00. Grass0">
      <UniqueIdentifier>{75c3d2c1-ca7f-4362-9e43-6a41c4818346}</UniqueIdentifier>
    </Filter>
    <Filter Include="01. GameApp\02. GameObject\00. Static_Mesh\03. Grass\01. Grass1">
      <UniqueIdentifier>{8477caec-28d5-4d67-9f1e-4a8332a985ba}</UniqueIdentifier>
    </Filter>
    <Filter Include="01. GameApp\02. GameObject\00. Static_Mesh\03. Grass\02. Grass2">
      <UniqueIdentifier>{c78c41cf-b452-4967-8d79-9f1bb21cf304}</UniqueIdentifier>
    </Filter>
    <Filter Include="01. GameApp\02. GameObject\00. Static_Mesh\03. Grass\03. Grass3">
      <UniqueIdentifier>{903660d5-3780-4db7-8070-9c97444d3b15}</UniqueIdentifier>
    </Filter>
    <Filter Include="01. GameApp\02. GameObject\00. Static_Mesh\03. Grass\04. Grass4">
      <UniqueIdentifier>{f4882541-4791-4133-81e4-108904b47f39}</UniqueIdentifier>
    </Filter>
    <Filter Include="01. GameApp\02. GameObject\00. Static_Mesh\03. Grass\05. Grass5">
      <UniqueIdentifier>{2131c8cb-9da5-4b93-a699-0c1823040b30}</UniqueIdentifier>
    </Filter>
    <Filter Include="01. GameApp\02. GameObject\00. Static_Mesh\03. Grass\06. Grass6">
      <UniqueIdentifier>{dc64897d-bc6b-46ae-b906-f97e7aba783d}</UniqueIdentifier>
    </Filter>
    <Filter Include="01. GameApp\02. GameObject\00. Static_Mesh\03. Grass\07. Grass7">
      <UniqueIdentifier>{99922401-2fd3-4df3-8037-746607026801}</UniqueIdentifier>
    </Filter>
    <Filter Include="01. GameApp\02. GameObject\00. Static_Mesh\03. Grass\08. Grass8">
      <UniqueIdentifier>{1c5c6f5f-2442-486c-bbc6-59b0686a3e5a}</UniqueIdentifier>
    </Filter>
    <Filter Include="01. GameApp\02. GameObject\00. Static_Mesh\03. Grass\09. Grass9">
      <UniqueIdentifier>{ea5fc578-d968-4751-be19-62ce1b6ddad7}</UniqueIdentifier>
    </Filter>
    <Filter Include="01. GameApp\02. GameObject\00. Static_Mesh\03. Grass\10. Grass10">
      <UniqueIdentifier>{e3f533e7-2cf7-41d0-96ca-916a009f595a}</UniqueIdentifier>
    </Filter>
    <Filter Include="01. GameApp\02. GameObject\00. Static_Mesh\03. Grass\11. Grass11">
      <UniqueIdentifier>{8c0d0681-f632-445c-b34b-c324f5353636}</UniqueIdentifier>
    </Filter>
    <Filter Include="01. GameApp\02. GameObject\00. Static_Mesh\03. Grass\12. Grass12">
      <UniqueIdentifier>{d804b01b-c244-48a3-ae02-308f73b55cac}</UniqueIdentifier>
    </Filter>
    <Filter Include="01. GameApp\02. GameObject\00. Static_Mesh\03. Grass\13. Grass13">
      <UniqueIdentifier>{41fa23f7-1f92-472e-b978-f2eecee717d5}</UniqueIdentifier>
    </Filter>
    <Filter Include="01. GameApp\02. GameObject\00. Static_Mesh\03. Grass\14. Grass14">
      <UniqueIdentifier>{c624adfa-c030-4bac-84c0-d1d90b4ac7f1}</UniqueIdentifier>
    </Filter>
    <Filter Include="01. GameApp\02. GameObject\00. Static_Mesh\03. Grass\15. Grass15">
      <UniqueIdentifier>{2c11e488-6e52-4c33-887b-2d41253c2ae2}</UniqueIdentifier>
    </Filter>
    <Filter Include="01. GameApp\02. GameObject\00. Static_Mesh\03. Grass\16. Grass16">
      <UniqueIdentifier>{d92815b5-8413-4964-9179-8af2cb1a426b}</UniqueIdentifier>
    </Filter>
    <Filter Include="01. GameApp\02. GameObject\00. Static_Mesh\03. Grass\17. Grass17">
      <UniqueIdentifier>{b6f85904-7a05-48e5-8b2e-6b3b0eb11ba7}</UniqueIdentifier>
    </Filter>
    <Filter Include="01. GameApp\02. GameObject\00. Static_Mesh\03. Grass\18. Grass18">
      <UniqueIdentifier>{a3d44b8c-67cf-4217-8a08-25e24216b10f}</UniqueIdentifier>
    </Filter>
    <Filter Include="01. GameApp\02. GameObject\00. Static_Mesh\03. Grass\19. Grass19">
      <UniqueIdentifier>{c8bea1ab-253c-4ee7-bfd6-cec705dce60e}</UniqueIdentifier>
    </Filter>
    <Filter Include="01. GameApp\02. GameObject\00. Static_Mesh\07. Tree\01. Tree1">
      <UniqueIdentifier>{1c7e0494-e71a-410d-9e62-3c4860a99669}</UniqueIdentifier>
    </Filter>
    <Filter Include="01. GameApp\02. GameObject\00. Static_Mesh\07. Tree\00. Tree0">
      <UniqueIdentifier>{063e381c-3a6a-4ec1-84d7-5072915a5779}</UniqueIdentifier>
    </Filter>
    <Filter Include="01. GameApp\02. GameObject\00. Static_Mesh\07. Tree\02. Tree2">
      <UniqueIdentifier>{7a5bce63-9e45-4445-978d-23cad564a737}</UniqueIdentifier>
    </Filter>
    <Filter Include="01. GameApp\02. GameObject\00. Static_Mesh\07. Tree\03. Tree3">
      <UniqueIdentifier>{5c9c5be2-ea9c-457f-8aba-be60711d2a5b}</UniqueIdentifier>
    </Filter>
    <Filter Include="01. GameApp\02. GameObject\00. Static_Mesh\07. Tree\04. Tree4">
      <UniqueIdentifier>{43a33847-e422-4de2-b9a5-04a2d44e2317}</UniqueIdentifier>
    </Filter>
    <Filter Include="01. GameApp\02. GameObject\00. Static_Mesh\07. Tree\05. Tree5">
      <UniqueIdentifier>{5d43b5f4-82c8-4f37-be51-d712d16d9644}</UniqueIdentifier>
    </Filter>
    <Filter Include="01. GameApp\02. GameObject\00. Static_Mesh\07. Tree\06. Tree6">
      <UniqueIdentifier>{23a37e45-8885-4d11-a0ba-fbc0acd8dc96}</UniqueIdentifier>
    </Filter>
    <Filter Include="01. GameApp\02. GameObject\00. Static_Mesh\07. Tree\07. Tree7">
      <UniqueIdentifier>{6e6c8684-020f-41cf-adde-273ee17e9e13}</UniqueIdentifier>
    </Filter>
    <Filter Include="01. GameApp\02. GameObject\00. Static_Mesh\07. Tree\08. Tree8">
      <UniqueIdentifier>{8ac46767-b87a-4d36-aaa8-e881cec13ba9}</UniqueIdentifier>
    </Filter>
    <Filter Include="01. GameApp\02. GameObject\00. Static_Mesh\08. Wall">
      <UniqueIdentifier>{d3216779-6b0a-4867-a966-ef5a204546c1}</UniqueIdentifier>
    </Filter>
    <Filter Include="01. GameApp\02. GameObject\00. Static_Mesh\08. Wall\00. Wall0">
      <UniqueIdentifier>{e34f35b1-d8ed-4dff-9252-0ab87bcf0f11}</UniqueIdentifier>
    </Filter>
    <Filter Include="01. GameApp\02. GameObject\00. Static_Mesh\08. Wall\01. Wall1">
      <UniqueIdentifier>{96962577-a860-405e-a839-5bc38b625011}</UniqueIdentifier>
    </Filter>
    <Filter Include="01. GameApp\02. GameObject\00. Static_Mesh\08. Wall\02. Wall2">
      <UniqueIdentifier>{59293de9-2703-4fb2-9fdf-e1bd363ccb8f}</UniqueIdentifier>
    </Filter>
    <Filter Include="01. GameApp\02. GameObject\00. Static_Mesh\08. Wall\03. Wall3">
      <UniqueIdentifier>{31fe8d30-85e9-49f6-bce4-4a527580271d}</UniqueIdentifier>
    </Filter>
    <Filter Include="01. GameApp\02. GameObject\00. Static_Mesh\08. Wall\04. Wall4">
      <UniqueIdentifier>{36bf2f65-4e7f-47c2-9538-9ecba0070873}</UniqueIdentifier>
    </Filter>
    <Filter Include="01. GameApp\02. GameObject\00. Static_Mesh\08. Wall\05. Wall5">
      <UniqueIdentifier>{3e80e04d-f692-4046-8895-09a1f7969eaf}</UniqueIdentifier>
    </Filter>
    <Filter Include="01. GameApp\02. GameObject\00. Static_Mesh\08. Wall\06. Wall6">
      <UniqueIdentifier>{ac65086d-c06e-41aa-99f7-d46ffb23a663}</UniqueIdentifier>
    </Filter>
    <Filter Include="01. GameApp\02. GameObject\00. Static_Mesh\08. Wall\07. Wall7">
      <UniqueIdentifier>{786f8388-078c-4a16-ad51-914bb843471c}</UniqueIdentifier>
    </Filter>
    <Filter Include="01. GameApp\02. GameObject\00. Static_Mesh\08. Wall\08. Wall8">
      <UniqueIdentifier>{35bcfd1f-2ff5-4b9d-96ea-8bd065454ba0}</UniqueIdentifier>
    </Filter>
    <Filter Include="01. GameApp\02. GameObject\00. Static_Mesh\08. Wall\09. Wall9">
      <UniqueIdentifier>{eee13477-4865-4787-9258-ef71ddca796b}</UniqueIdentifier>
    </Filter>
    <Filter Include="01. GameApp\02. GameObject\00. Static_Mesh\08. Wall\10. Wall10">
      <UniqueIdentifier>{87ab1e31-521a-4d50-a61b-f012b72da7d1}</UniqueIdentifier>
    </Filter>
    <Filter Include="01. GameApp\02. GameObject\00. Static_Mesh\07. SkHouse">
      <UniqueIdentifier>{d3544d14-e6ff-49e2-bedf-6d9659ea1c27}</UniqueIdentifier>
    </Filter>
    <Filter Include="01. GameApp\02. GameObject\00. Static_Mesh\07. SkHouse\00. SkHouse0">
      <UniqueIdentifier>{fafef4e1-b564-4966-918d-d9690c77d938}</UniqueIdentifier>
    </Filter>
    <Filter Include="01. GameApp\02. GameObject\00. Static_Mesh\07. SkHouse\01. SkHouse1">
      <UniqueIdentifier>{e2cb9d03-f005-449b-bd23-7366e0efc425}</UniqueIdentifier>
    </Filter>
    <Filter Include="01. GameApp\02. GameObject\00. Static_Mesh\07. SkHouse\02. SkHouse2">
      <UniqueIdentifier>{0e1c6a54-5452-4e34-ad61-9dc9a350ea7f}</UniqueIdentifier>
    </Filter>
    <Filter Include="01. GameApp\97. Engine\01. Utility\02. Component\00. Component\09. Collider">
      <UniqueIdentifier>{13430f1b-fde9-4169-85ee-4a16df099ef0}</UniqueIdentifier>
    </Filter>
    <Filter Include="01. GameApp\02. GameObject\01. Dynamic_Mesh\08. Useless">
      <UniqueIdentifier>{3e92dbe6-f524-4a7c-ab7e-5a23beeb5923}</UniqueIdentifier>
    </Filter>
    <Filter Include="01. GameApp\02. GameObject\01. Dynamic_Mesh\08. Useless\00. UD_Worker">
      <UniqueIdentifier>{0c44bfda-5714-4dd5-b0b4-76cd1d63dc91}</UniqueIdentifier>
    </Filter>
    <Filter Include="01. GameApp\02. GameObject\01. Dynamic_Mesh\07. Vergos">
      <UniqueIdentifier>{02035b15-5243-45ae-a3fe-221b5fea0a03}</UniqueIdentifier>
    </Filter>
    <Filter Include="01. GameApp\02. GameObject\01. Dynamic_Mesh\08. Useless\01. UD_LightCavarly">
      <UniqueIdentifier>{c1869d59-3070-458b-a861-1332b9fc3f67}</UniqueIdentifier>
    </Filter>
    <Filter Include="01. GameApp\02. GameObject\01. Dynamic_Mesh\08. Useless\02. UD_HeavyInfantry">
      <UniqueIdentifier>{e2008f6f-b18d-4f2b-aafd-5a5d727d95d8}</UniqueIdentifier>
    </Filter>
    <Filter Include="01. GameApp\02. GameObject\03. Effect">
      <UniqueIdentifier>{6f14b6ee-f126-4f63-b164-d1bd31d5ba62}</UniqueIdentifier>
    </Filter>
    <Filter Include="01. GameApp\02. GameObject\03. Effect\00. EffectBuffer">
      <UniqueIdentifier>{bd800e0e-ad96-4274-b885-776fc33cfcdb}</UniqueIdentifier>
    </Filter>
  </ItemGroup>
  <ItemGroup>
    <ClInclude Include="ToolDoc.h">
      <Filter>00. Tool\01. Document</Filter>
    </ClInclude>
    <ClInclude Include="MainFrm.h">
      <Filter>00. Tool\02. FrameWnd</Filter>
    </ClInclude>
    <ClInclude Include="Tool.h">
      <Filter>00. Tool\00. MainTool</Filter>
    </ClInclude>
    <ClInclude Include="Resource.h">
      <Filter>99. Default</Filter>
    </ClInclude>
    <ClInclude Include="stdafx.h">
      <Filter>99. Default</Filter>
    </ClInclude>
    <ClInclude Include="targetver.h">
      <Filter>99. Default</Filter>
    </ClInclude>
    <ClInclude Include="Define.h">
      <Filter>98. Headers</Filter>
    </ClInclude>
    <ClInclude Include="Enum.h">
      <Filter>98. Headers</Filter>
    </ClInclude>
    <ClInclude Include="Extern.h">
      <Filter>98. Headers</Filter>
    </ClInclude>
    <ClInclude Include="Funtion.h">
      <Filter>98. Headers</Filter>
    </ClInclude>
    <ClInclude Include="Funtor.h">
      <Filter>98. Headers</Filter>
    </ClInclude>
    <ClInclude Include="Macro.h">
      <Filter>98. Headers</Filter>
    </ClInclude>
    <ClInclude Include="Typedef.h">
      <Filter>98. Headers</Filter>
    </ClInclude>
    <ClInclude Include="Struct.h">
      <Filter>98. Headers</Filter>
    </ClInclude>
    <ClInclude Include="Base.h">
      <Filter>01. GameApp\97. Engine\99. SuperClass\00. Base</Filter>
    </ClInclude>
    <ClInclude Include="Device.h">
      <Filter>01. GameApp\97. Engine\00. System\00. Device</Filter>
    </ClInclude>
    <ClInclude Include="Input.h">
      <Filter>01. GameApp\97. Engine\00. System\01. Input</Filter>
    </ClInclude>
    <ClInclude Include="Component.h">
      <Filter>01. GameApp\97. Engine\01. Utility\02. Component\00. Component</Filter>
    </ClInclude>
    <ClInclude Include="Buffer_CubeTex.h">
      <Filter>01. GameApp\97. Engine\01. Utility\02. Component\00. Component\03. VIBuffer\03. Buffer_Cube</Filter>
    </ClInclude>
    <ClInclude Include="Buffer_RcTex.h">
      <Filter>01. GameApp\97. Engine\01. Utility\02. Component\00. Component\03. VIBuffer\00. Buffer_RcTex</Filter>
    </ClInclude>
    <ClInclude Include="Buffer_Terrain.h">
      <Filter>01. GameApp\97. Engine\01. Utility\02. Component\00. Component\03. VIBuffer\01. Buffer_Terrain</Filter>
    </ClInclude>
    <ClInclude Include="Texture.h">
      <Filter>01. GameApp\97. Engine\01. Utility\02. Component\00. Component\01. Texture</Filter>
    </ClInclude>
    <ClInclude Include="Transform.h">
      <Filter>01. GameApp\97. Engine\01. Utility\02. Component\00. Component\02. Transform</Filter>
    </ClInclude>
    <ClInclude Include="VIBuffer.h">
      <Filter>01. GameApp\97. Engine\01. Utility\02. Component\00. Component\03. VIBuffer</Filter>
    </ClInclude>
    <ClInclude Include="Renderer.h">
      <Filter>01. GameApp\97. Engine\01. Utility\02. Component\00. Component\00. Renderer</Filter>
    </ClInclude>
    <ClInclude Include="Picking.h">
      <Filter>01. GameApp\97. Engine\01. Utility\02. Component\00. Component\04. Picking</Filter>
    </ClInclude>
    <ClInclude Include="Shader.h">
      <Filter>01. GameApp\97. Engine\01. Utility\02. Component\00. Component\05. Shader</Filter>
    </ClInclude>
    <ClInclude Include="Static_Mesh.h">
      <Filter>01. GameApp\97. Engine\01. Utility\02. Component\00. Component\06. Mesh\00. Static_Mesh</Filter>
    </ClInclude>
    <ClInclude Include="Component_Mgr.h">
      <Filter>01. GameApp\97. Engine\01. Utility\02. Component\01. Component_Mgr</Filter>
    </ClInclude>
    <ClInclude Include="GameObject_Mgr.h">
      <Filter>01. GameApp\97. Engine\01. Utility\01. GameObject\01. GameObject_Mgr</Filter>
    </ClInclude>
    <ClInclude Include="GameObject.h">
      <Filter>01. GameApp\97. Engine\01. Utility\01. GameObject\00. Layer\00. GameObject</Filter>
    </ClInclude>
    <ClInclude Include="Camera.h">
      <Filter>01. GameApp\97. Engine\01. Utility\01. GameObject\00. Layer\00. GameObject\00. Camera</Filter>
    </ClInclude>
    <ClInclude Include="Layer.h">
      <Filter>01. GameApp\97. Engine\01. Utility\01. GameObject\00. Layer</Filter>
    </ClInclude>
    <ClInclude Include="Management.h">
      <Filter>01. GameApp\97. Engine\01. Utility\00. Management</Filter>
    </ClInclude>
    <ClInclude Include="Scene.h">
      <Filter>01. GameApp\97. Engine\01. Utility\00. Management\00. Scene</Filter>
    </ClInclude>
    <ClInclude Include="System.h">
      <Filter>01. GameApp\97. Engine\00. System</Filter>
    </ClInclude>
    <ClInclude Include="Frame_Mgr.h">
      <Filter>01. GameApp\97. Engine\00. System\02. Frame\01. Frame_Mgr</Filter>
    </ClInclude>
    <ClInclude Include="Frame.h">
      <Filter>01. GameApp\97. Engine\00. System\02. Frame\00. Frame</Filter>
    </ClInclude>
    <ClInclude Include="Timer.h">
      <Filter>01. GameApp\97. Engine\00. System\03. Timer\00. Timer</Filter>
    </ClInclude>
    <ClInclude Include="Timer_Mgr.h">
      <Filter>01. GameApp\97. Engine\00. System\03. Timer\01. Timer_Mgr</Filter>
    </ClInclude>
    <ClInclude Include="Light.h">
      <Filter>01. GameApp\97. Engine\01. Utility\03. Light\00. Light</Filter>
    </ClInclude>
    <ClInclude Include="Light_Mgr.h">
      <Filter>01. GameApp\97. Engine\01. Utility\03. Light\01. Light_Mgr</Filter>
    </ClInclude>
    <ClInclude Include="Camera_Debug.h">
      <Filter>01. GameApp\02. GameObject\99. Public\00. Camera_Debug</Filter>
    </ClInclude>
    <ClInclude Include="Tool_Scene.h">
      <Filter>01. GameApp\01. Scene\00. Tool_Scene</Filter>
    </ClInclude>
    <ClInclude Include="MainApp.h">
      <Filter>01. GameApp\00. MainApp</Filter>
    </ClInclude>
    <ClInclude Include="SecondWnd.h">
      <Filter>00. Tool\04. Dialog\00. SecondWnd</Filter>
    </ClInclude>
    <ClInclude Include="Constant.h">
      <Filter>98. Headers</Filter>
    </ClInclude>
    <ClInclude Include="Terrain.h">
      <Filter>01. GameApp\02. GameObject\99. Public\01. Terrain</Filter>
    </ClInclude>
    <ClInclude Include="UnitTool.h">
      <Filter>00. Tool\04. Dialog\00. SecondWnd\00. UnitTool</Filter>
    </ClInclude>
    <ClInclude Include="EffectTool.h">
      <Filter>00. Tool\04. Dialog\00. SecondWnd\01. EffectTool</Filter>
    </ClInclude>
    <ClInclude Include="UI.h">
      <Filter>00. Tool\04. Dialog\00. SecondWnd\02. UI</Filter>
    </ClInclude>
    <ClInclude Include="NaviMesh.h">
      <Filter>00. Tool\04. Dialog\00. SecondWnd\03. NaviMesh</Filter>
    </ClInclude>
    <ClInclude Include="MyFont.h">
      <Filter>01. GameApp\97. Engine\01. Utility\02. Component\00. Component\07. Font</Filter>
    </ClInclude>
    <ClInclude Include="ToolView.h">
      <Filter>00. Tool\03. ViewWnd</Filter>
    </ClInclude>
    <ClInclude Include="OnHeadFont.h">
      <Filter>01. GameApp\02. GameObject\02. UI\00. OnHeadFont</Filter>
    </ClInclude>
    <ClInclude Include="Navi.h">
      <Filter>01. GameApp\97. Engine\01. Utility\02. Component\00. Component\08. Navi</Filter>
    </ClInclude>
    <ClInclude Include="Cell.h">
      <Filter>01. GameApp\97. Engine\01. Utility\02. Component\00. Component\08. Navi\00. Cell</Filter>
    </ClInclude>
    <ClInclude Include="Line.h">
      <Filter>01. GameApp\97. Engine\01. Utility\02. Component\00. Component\08. Navi\01. Line</Filter>
    </ClInclude>
    <ClInclude Include="SkyBox.h">
      <Filter>01. GameApp\02. GameObject\99. Public\02. SkyBox</Filter>
    </ClInclude>
    <ClInclude Include="Cliff0.h">
      <Filter>01. GameApp\02. GameObject\00. Static_Mesh\00. Cliff\00. Cliff0</Filter>
    </ClInclude>
    <ClInclude Include="Cliff1.h">
      <Filter>01. GameApp\02. GameObject\00. Static_Mesh\00. Cliff\01. Cliff1</Filter>
    </ClInclude>
    <ClInclude Include="Cliff2.h">
      <Filter>01. GameApp\02. GameObject\00. Static_Mesh\00. Cliff\02. Cliff2</Filter>
    </ClInclude>
    <ClInclude Include="Cliff3.h">
      <Filter>01. GameApp\02. GameObject\00. Static_Mesh\00. Cliff\03. Cliff3</Filter>
    </ClInclude>
    <ClInclude Include="Cliff4.h">
      <Filter>01. GameApp\02. GameObject\00. Static_Mesh\00. Cliff\04. Cliff4</Filter>
    </ClInclude>
    <ClInclude Include="Fence0.h">
      <Filter>01. GameApp\02. GameObject\00. Static_Mesh\01. Fence\00. Fence0</Filter>
    </ClInclude>
    <ClInclude Include="Fence1.h">
      <Filter>01. GameApp\02. GameObject\00. Static_Mesh\01. Fence\01. Fence1</Filter>
    </ClInclude>
    <ClInclude Include="Fence2.h">
      <Filter>01. GameApp\02. GameObject\00. Static_Mesh\01. Fence\02. Fence2</Filter>
    </ClInclude>
    <ClInclude Include="Fence3.h">
      <Filter>01. GameApp\02. GameObject\00. Static_Mesh\01. Fence\03. Fence3</Filter>
    </ClInclude>
    <ClInclude Include="Fence4.h">
      <Filter>01. GameApp\02. GameObject\00. Static_Mesh\01. Fence\04. Fence4</Filter>
    </ClInclude>
    <ClInclude Include="Fence5.h">
      <Filter>01. GameApp\02. GameObject\00. Static_Mesh\01. Fence\05. Fence5</Filter>
    </ClInclude>
    <ClInclude Include="Fence6.h">
      <Filter>01. GameApp\02. GameObject\00. Static_Mesh\01. Fence\06. Fence6</Filter>
    </ClInclude>
    <ClInclude Include="Fence7.h">
      <Filter>01. GameApp\02. GameObject\00. Static_Mesh\01. Fence\07. Fence7</Filter>
    </ClInclude>
    <ClInclude Include="Flower0.h">
      <Filter>01. GameApp\02. GameObject\00. Static_Mesh\02. Flower\00. Flower0</Filter>
    </ClInclude>
    <ClInclude Include="Flower1.h">
      <Filter>01. GameApp\02. GameObject\00. Static_Mesh\02. Flower\01. Flower1</Filter>
    </ClInclude>
    <ClInclude Include="Flower2.h">
      <Filter>01. GameApp\02. GameObject\00. Static_Mesh\02. Flower\02. Flower2</Filter>
    </ClInclude>
    <ClInclude Include="Flower3.h">
      <Filter>01. GameApp\02. GameObject\00. Static_Mesh\02. Flower\03. Flower3</Filter>
    </ClInclude>
    <ClInclude Include="Flower4.h">
      <Filter>01. GameApp\02. GameObject\00. Static_Mesh\02. Flower\04. Flower4</Filter>
    </ClInclude>
    <ClInclude Include="Flower5.h">
      <Filter>01. GameApp\02. GameObject\00. Static_Mesh\02. Flower\05. Flower5</Filter>
    </ClInclude>
    <ClInclude Include="Flower6.h">
      <Filter>01. GameApp\02. GameObject\00. Static_Mesh\02. Flower\06. Flower6</Filter>
    </ClInclude>
    <ClInclude Include="Flower7.h">
      <Filter>01. GameApp\02. GameObject\00. Static_Mesh\02. Flower\07. Flower7</Filter>
    </ClInclude>
    <ClInclude Include="Flower8.h">
      <Filter>01. GameApp\02. GameObject\00. Static_Mesh\02. Flower\08. Flower8</Filter>
    </ClInclude>
    <ClInclude Include="Flower9.h">
      <Filter>01. GameApp\02. GameObject\00. Static_Mesh\02. Flower\09. Flower9</Filter>
    </ClInclude>
    <ClInclude Include="Flower10.h">
      <Filter>01. GameApp\02. GameObject\00. Static_Mesh\02. Flower\10. Flower10</Filter>
    </ClInclude>
    <ClInclude Include="Grass0.h">
      <Filter>01. GameApp\02. GameObject\00. Static_Mesh\03. Grass\00. Grass0</Filter>
    </ClInclude>
    <ClInclude Include="Grass1.h">
      <Filter>01. GameApp\02. GameObject\00. Static_Mesh\03. Grass\01. Grass1</Filter>
    </ClInclude>
    <ClInclude Include="Grass2.h">
      <Filter>01. GameApp\02. GameObject\00. Static_Mesh\03. Grass\02. Grass2</Filter>
    </ClInclude>
    <ClInclude Include="Grass3.h">
      <Filter>01. GameApp\02. GameObject\00. Static_Mesh\03. Grass\03. Grass3</Filter>
    </ClInclude>
    <ClInclude Include="Grass4.h">
      <Filter>01. GameApp\02. GameObject\00. Static_Mesh\03. Grass\04. Grass4</Filter>
    </ClInclude>
    <ClInclude Include="Grass5.h">
      <Filter>01. GameApp\02. GameObject\00. Static_Mesh\03. Grass\05. Grass5</Filter>
    </ClInclude>
    <ClInclude Include="Grass6.h">
      <Filter>01. GameApp\02. GameObject\00. Static_Mesh\03. Grass\06. Grass6</Filter>
    </ClInclude>
    <ClInclude Include="Grass7.h">
      <Filter>01. GameApp\02. GameObject\00. Static_Mesh\03. Grass\07. Grass7</Filter>
    </ClInclude>
    <ClInclude Include="Grass8.h">
      <Filter>01. GameApp\02. GameObject\00. Static_Mesh\03. Grass\08. Grass8</Filter>
    </ClInclude>
    <ClInclude Include="Grass9.h">
      <Filter>01. GameApp\02. GameObject\00. Static_Mesh\03. Grass\09. Grass9</Filter>
    </ClInclude>
    <ClInclude Include="Grass10.h">
      <Filter>01. GameApp\02. GameObject\00. Static_Mesh\03. Grass\10. Grass10</Filter>
    </ClInclude>
    <ClInclude Include="Grass11.h">
      <Filter>01. GameApp\02. GameObject\00. Static_Mesh\03. Grass\11. Grass11</Filter>
    </ClInclude>
    <ClInclude Include="Grass12.h">
      <Filter>01. GameApp\02. GameObject\00. Static_Mesh\03. Grass\12. Grass12</Filter>
    </ClInclude>
    <ClInclude Include="Grass13.h">
      <Filter>01. GameApp\02. GameObject\00. Static_Mesh\03. Grass\13. Grass13</Filter>
    </ClInclude>
    <ClInclude Include="Grass14.h">
      <Filter>01. GameApp\02. GameObject\00. Static_Mesh\03. Grass\14. Grass14</Filter>
    </ClInclude>
    <ClInclude Include="Grass15.h">
      <Filter>01. GameApp\02. GameObject\00. Static_Mesh\03. Grass\15. Grass15</Filter>
    </ClInclude>
    <ClInclude Include="Grass16.h">
      <Filter>01. GameApp\02. GameObject\00. Static_Mesh\03. Grass\16. Grass16</Filter>
    </ClInclude>
    <ClInclude Include="Grass17.h">
      <Filter>01. GameApp\02. GameObject\00. Static_Mesh\03. Grass\17. Grass17</Filter>
    </ClInclude>
    <ClInclude Include="Grass18.h">
      <Filter>01. GameApp\02. GameObject\00. Static_Mesh\03. Grass\18. Grass18</Filter>
    </ClInclude>
    <ClInclude Include="Grass19.h">
      <Filter>01. GameApp\02. GameObject\00. Static_Mesh\03. Grass\19. Grass19</Filter>
    </ClInclude>
    <ClInclude Include="Hill0.h">
      <Filter>01. GameApp\02. GameObject\00. Static_Mesh\04. Hill\00. Hill0</Filter>
    </ClInclude>
    <ClInclude Include="Hill1.h">
      <Filter>01. GameApp\02. GameObject\00. Static_Mesh\04. Hill\01. Hill1</Filter>
    </ClInclude>
    <ClInclude Include="Hill2.h">
      <Filter>01. GameApp\02. GameObject\00. Static_Mesh\04. Hill\02. Hill2</Filter>
    </ClInclude>
    <ClInclude Include="House0.h">
      <Filter>01. GameApp\02. GameObject\00. Static_Mesh\05. House\00. House0</Filter>
    </ClInclude>
    <ClInclude Include="Rock0.h">
      <Filter>01. GameApp\02. GameObject\00. Static_Mesh\06. Rock\00. Rock0</Filter>
    </ClInclude>
    <ClInclude Include="Rock1.h">
      <Filter>01. GameApp\02. GameObject\00. Static_Mesh\06. Rock\01. Rock1</Filter>
    </ClInclude>
    <ClInclude Include="Rock2.h">
      <Filter>01. GameApp\02. GameObject\00. Static_Mesh\06. Rock\02. Rock2</Filter>
    </ClInclude>
    <ClInclude Include="Rock3.h">
      <Filter>01. GameApp\02. GameObject\00. Static_Mesh\06. Rock\03. Rock3</Filter>
    </ClInclude>
    <ClInclude Include="Rock4.h">
      <Filter>01. GameApp\02. GameObject\00. Static_Mesh\06. Rock\04. Rock4</Filter>
    </ClInclude>
    <ClInclude Include="Rock5.h">
      <Filter>01. GameApp\02. GameObject\00. Static_Mesh\06. Rock\05. Rock5</Filter>
    </ClInclude>
    <ClInclude Include="Rock6.h">
      <Filter>01. GameApp\02. GameObject\00. Static_Mesh\06. Rock\06. Rock6</Filter>
    </ClInclude>
    <ClInclude Include="AnimationTool.h">
      <Filter>00. Tool\04. Dialog\00. SecondWnd\04. AnimationTool</Filter>
    </ClInclude>
    <ClInclude Include="Dynamic_Mesh.h">
      <Filter>01. GameApp\97. Engine\01. Utility\02. Component\00. Component\06. Mesh\01. Dynamic_Mesh</Filter>
    </ClInclude>
    <ClInclude Include="AnimationCtrl.h">
      <Filter>01. GameApp\97. Engine\01. Utility\02. Component\00. Component\06. Mesh\01. Dynamic_Mesh\00. AnimateCtrl</Filter>
    </ClInclude>
    <ClInclude Include="HierarchyLoader.h">
      <Filter>01. GameApp\97. Engine\01. Utility\02. Component\00. Component\06. Mesh\01. Dynamic_Mesh\01. Hierachy_Loader</Filter>
    </ClInclude>
    <ClInclude Include="Player.h">
      <Filter>01. GameApp\02. GameObject\01. Dynamic_Mesh\00. Player</Filter>
    </ClInclude>
    <ClInclude Include="Beatle.h">
      <Filter>01. GameApp\02. GameObject\01. Dynamic_Mesh\01. Beatle</Filter>
    </ClInclude>
    <ClInclude Include="Bee.h">
      <Filter>01. GameApp\02. GameObject\01. Dynamic_Mesh\02. Bee</Filter>
    </ClInclude>
    <ClInclude Include="Mantis.h">
      <Filter>01. GameApp\02. GameObject\01. Dynamic_Mesh\03. Mantis</Filter>
    </ClInclude>
    <ClInclude Include="Monkey.h">
      <Filter>01. GameApp\02. GameObject\01. Dynamic_Mesh\04. Monkey</Filter>
    </ClInclude>
    <ClInclude Include="NPC.h">
      <Filter>01. GameApp\02. GameObject\01. Dynamic_Mesh\05. NPC</Filter>
    </ClInclude>
    <ClInclude Include="Tower.h">
      <Filter>01. GameApp\02. GameObject\01. Dynamic_Mesh\06. Tower</Filter>
    </ClInclude>
    <ClInclude Include="Vergos.h">
      <Filter>01. GameApp\02. GameObject\01. Dynamic_Mesh\07. Vergos</Filter>
    </ClInclude>
    <ClInclude Include="HP.h">
      <Filter>01. GameApp\02. GameObject\02. UI\01. HP</Filter>
    </ClInclude>
    <ClInclude Include="MP.h">
      <Filter>01. GameApp\02. GameObject\02. UI\03. MP</Filter>
    </ClInclude>
    <ClInclude Include="TerrainTool.h">
      <Filter>00. Tool\04. Dialog\00. SecondWnd\05. TerrainTool</Filter>
    </ClInclude>
    <ClInclude Include="Back_Hp.h">
      <Filter>01. GameApp\02. GameObject\02. UI\02. Back_Hp</Filter>
    </ClInclude>
    <ClInclude Include="Back_Mp.h">
      <Filter>01. GameApp\02. GameObject\02. UI\04. Back_Mp</Filter>
    </ClInclude>
    <ClInclude Include="Tree0.h">
      <Filter>01. GameApp\02. GameObject\00. Static_Mesh\07. Tree\00. Tree0</Filter>
    </ClInclude>
    <ClInclude Include="Tree1.h">
      <Filter>01. GameApp\02. GameObject\00. Static_Mesh\07. Tree\01. Tree1</Filter>
    </ClInclude>
    <ClInclude Include="Tree2.h">
      <Filter>01. GameApp\02. GameObject\00. Static_Mesh\07. Tree\02. Tree2</Filter>
    </ClInclude>
    <ClInclude Include="Tree3.h">
      <Filter>01. GameApp\02. GameObject\00. Static_Mesh\07. Tree\03. Tree3</Filter>
    </ClInclude>
    <ClInclude Include="Tree4.h">
      <Filter>01. GameApp\02. GameObject\00. Static_Mesh\07. Tree\04. Tree4</Filter>
    </ClInclude>
    <ClInclude Include="Tree5.h">
      <Filter>01. GameApp\02. GameObject\00. Static_Mesh\07. Tree\05. Tree5</Filter>
    </ClInclude>
    <ClInclude Include="Tree6.h">
      <Filter>01. GameApp\02. GameObject\00. Static_Mesh\07. Tree\06. Tree6</Filter>
    </ClInclude>
    <ClInclude Include="Tree7.h">
      <Filter>01. GameApp\02. GameObject\00. Static_Mesh\07. Tree\07. Tree7</Filter>
    </ClInclude>
    <ClInclude Include="Tree8.h">
      <Filter>01. GameApp\02. GameObject\00. Static_Mesh\07. Tree\08. Tree8</Filter>
    </ClInclude>
    <ClInclude Include="Wall0.h">
      <Filter>01. GameApp\02. GameObject\00. Static_Mesh\08. Wall\00. Wall0</Filter>
    </ClInclude>
    <ClInclude Include="Wall1.h">
      <Filter>01. GameApp\02. GameObject\00. Static_Mesh\08. Wall\01. Wall1</Filter>
    </ClInclude>
    <ClInclude Include="Wall2.h">
      <Filter>01. GameApp\02. GameObject\00. Static_Mesh\08. Wall\02. Wall2</Filter>
    </ClInclude>
    <ClInclude Include="Wall3.h">
      <Filter>01. GameApp\02. GameObject\00. Static_Mesh\08. Wall\03. Wall3</Filter>
    </ClInclude>
    <ClInclude Include="Wall4.h">
      <Filter>01. GameApp\02. GameObject\00. Static_Mesh\08. Wall\04. Wall4</Filter>
    </ClInclude>
    <ClInclude Include="Wall5.h">
      <Filter>01. GameApp\02. GameObject\00. Static_Mesh\08. Wall\05. Wall5</Filter>
    </ClInclude>
    <ClInclude Include="Wall6.h">
      <Filter>01. GameApp\02. GameObject\00. Static_Mesh\08. Wall\06. Wall6</Filter>
    </ClInclude>
    <ClInclude Include="Wall7.h">
      <Filter>01. GameApp\02. GameObject\00. Static_Mesh\08. Wall\07. Wall7</Filter>
    </ClInclude>
    <ClInclude Include="Wall8.h">
      <Filter>01. GameApp\02. GameObject\00. Static_Mesh\08. Wall\08. Wall8</Filter>
    </ClInclude>
    <ClInclude Include="Wall9.h">
      <Filter>01. GameApp\02. GameObject\00. Static_Mesh\08. Wall\09. Wall9</Filter>
    </ClInclude>
    <ClInclude Include="Wall10.h">
      <Filter>01. GameApp\02. GameObject\00. Static_Mesh\08. Wall\10. Wall10</Filter>
    </ClInclude>
    <ClInclude Include="SkHouse0.h">
      <Filter>01. GameApp\02. GameObject\00. Static_Mesh\07. SkHouse\00. SkHouse0</Filter>
    </ClInclude>
    <ClInclude Include="SkHouse1.h">
      <Filter>01. GameApp\02. GameObject\00. Static_Mesh\07. SkHouse\01. SkHouse1</Filter>
    </ClInclude>
    <ClInclude Include="SkHouse2.h">
      <Filter>01. GameApp\02. GameObject\00. Static_Mesh\07. SkHouse\02. SkHouse2</Filter>
    </ClInclude>
    <ClInclude Include="UD_Worker.h">
      <Filter>01. GameApp\02. GameObject\01. Dynamic_Mesh\08. Useless\00. UD_Worker</Filter>
    </ClInclude>
    <ClInclude Include="UD_LightCarvarly.h">
      <Filter>01. GameApp\02. GameObject\01. Dynamic_Mesh\08. Useless\01. UD_LightCavarly</Filter>
    </ClInclude>
    <ClInclude Include="UD_HeavyInfantry.h">
      <Filter>01. GameApp\02. GameObject\01. Dynamic_Mesh\08. Useless\02. UD_HeavyInfantry</Filter>
    </ClInclude>
    <ClInclude Include="EffectBuffer.h">
      <Filter>01. GameApp\02. GameObject\03. Effect\00. EffectBuffer</Filter>
    </ClInclude>
  </ItemGroup>
  <ItemGroup>
    <ClCompile Include="ToolDoc.cpp">
      <Filter>00. Tool\01. Document</Filter>
    </ClCompile>
    <ClCompile Include="MainFrm.cpp">
      <Filter>00. Tool\02. FrameWnd</Filter>
    </ClCompile>
    <ClCompile Include="Tool.cpp">
      <Filter>00. Tool\00. MainTool</Filter>
    </ClCompile>
    <ClCompile Include="ToolView.cpp">
      <Filter>00. Tool\03. ViewWnd</Filter>
    </ClCompile>
    <ClCompile Include="stdafx.cpp">
      <Filter>99. Default</Filter>
    </ClCompile>
    <ClCompile Include="Base.cpp">
      <Filter>01. GameApp\97. Engine\99. SuperClass\00. Base</Filter>
    </ClCompile>
    <ClCompile Include="Device.cpp">
      <Filter>01. GameApp\97. Engine\00. System\00. Device</Filter>
    </ClCompile>
    <ClCompile Include="Input.cpp">
      <Filter>01. GameApp\97. Engine\00. System\01. Input</Filter>
    </ClCompile>
    <ClCompile Include="Component.cpp">
      <Filter>01. GameApp\97. Engine\01. Utility\02. Component\00. Component</Filter>
    </ClCompile>
    <ClCompile Include="Buffer_CubeTex.cpp">
      <Filter>01. GameApp\97. Engine\01. Utility\02. Component\00. Component\03. VIBuffer\03. Buffer_Cube</Filter>
    </ClCompile>
    <ClCompile Include="Buffer_RcTex.cpp">
      <Filter>01. GameApp\97. Engine\01. Utility\02. Component\00. Component\03. VIBuffer\00. Buffer_RcTex</Filter>
    </ClCompile>
    <ClCompile Include="Buffer_Terrain.cpp">
      <Filter>01. GameApp\97. Engine\01. Utility\02. Component\00. Component\03. VIBuffer\01. Buffer_Terrain</Filter>
    </ClCompile>
    <ClCompile Include="Texture.cpp">
      <Filter>01. GameApp\97. Engine\01. Utility\02. Component\00. Component\01. Texture</Filter>
    </ClCompile>
    <ClCompile Include="Transform.cpp">
      <Filter>01. GameApp\97. Engine\01. Utility\02. Component\00. Component\02. Transform</Filter>
    </ClCompile>
    <ClCompile Include="VIBuffer.cpp">
      <Filter>01. GameApp\97. Engine\01. Utility\02. Component\00. Component\03. VIBuffer</Filter>
    </ClCompile>
    <ClCompile Include="Renderer.cpp">
      <Filter>01. GameApp\97. Engine\01. Utility\02. Component\00. Component\00. Renderer</Filter>
    </ClCompile>
    <ClCompile Include="Picking.cpp">
      <Filter>01. GameApp\97. Engine\01. Utility\02. Component\00. Component\04. Picking</Filter>
    </ClCompile>
    <ClCompile Include="Shader.cpp">
      <Filter>01. GameApp\97. Engine\01. Utility\02. Component\00. Component\05. Shader</Filter>
    </ClCompile>
    <ClCompile Include="Static_Mesh.cpp">
      <Filter>01. GameApp\97. Engine\01. Utility\02. Component\00. Component\06. Mesh\00. Static_Mesh</Filter>
    </ClCompile>
    <ClCompile Include="Component_Mgr.cpp">
      <Filter>01. GameApp\97. Engine\01. Utility\02. Component\01. Component_Mgr</Filter>
    </ClCompile>
    <ClCompile Include="GameObject_Mgr.cpp">
      <Filter>01. GameApp\97. Engine\01. Utility\01. GameObject\01. GameObject_Mgr</Filter>
    </ClCompile>
    <ClCompile Include="GameObject.cpp">
      <Filter>01. GameApp\97. Engine\01. Utility\01. GameObject\00. Layer\00. GameObject</Filter>
    </ClCompile>
    <ClCompile Include="Camera.cpp">
      <Filter>01. GameApp\97. Engine\01. Utility\01. GameObject\00. Layer\00. GameObject\00. Camera</Filter>
    </ClCompile>
    <ClCompile Include="Layer.cpp">
      <Filter>01. GameApp\97. Engine\01. Utility\01. GameObject\00. Layer</Filter>
    </ClCompile>
    <ClCompile Include="Management.cpp">
      <Filter>01. GameApp\97. Engine\01. Utility\00. Management</Filter>
    </ClCompile>
    <ClCompile Include="Scene.cpp">
      <Filter>01. GameApp\97. Engine\01. Utility\00. Management\00. Scene</Filter>
    </ClCompile>
    <ClCompile Include="System.cpp">
      <Filter>01. GameApp\97. Engine\00. System</Filter>
    </ClCompile>
    <ClCompile Include="Frame_Mgr.cpp">
      <Filter>01. GameApp\97. Engine\00. System\02. Frame\01. Frame_Mgr</Filter>
    </ClCompile>
    <ClCompile Include="Frame.cpp">
      <Filter>01. GameApp\97. Engine\00. System\02. Frame\00. Frame</Filter>
    </ClCompile>
    <ClCompile Include="Timer.cpp">
      <Filter>01. GameApp\97. Engine\00. System\03. Timer\00. Timer</Filter>
    </ClCompile>
    <ClCompile Include="Timer_Mgr.cpp">
      <Filter>01. GameApp\97. Engine\00. System\03. Timer\01. Timer_Mgr</Filter>
    </ClCompile>
    <ClCompile Include="Light.cpp">
      <Filter>01. GameApp\97. Engine\01. Utility\03. Light\00. Light</Filter>
    </ClCompile>
    <ClCompile Include="Light_Mgr.cpp">
      <Filter>01. GameApp\97. Engine\01. Utility\03. Light\01. Light_Mgr</Filter>
    </ClCompile>
    <ClCompile Include="Camera_Debug.cpp">
      <Filter>01. GameApp\02. GameObject\99. Public\00. Camera_Debug</Filter>
    </ClCompile>
    <ClCompile Include="Tool_Scene.cpp">
      <Filter>01. GameApp\01. Scene\00. Tool_Scene</Filter>
    </ClCompile>
    <ClCompile Include="MainApp.cpp">
      <Filter>01. GameApp\00. MainApp</Filter>
    </ClCompile>
    <ClCompile Include="SecondWnd.cpp">
      <Filter>00. Tool\04. Dialog\00. SecondWnd</Filter>
    </ClCompile>
    <ClCompile Include="Terrain.cpp">
      <Filter>01. GameApp\02. GameObject\99. Public\01. Terrain</Filter>
    </ClCompile>
    <ClCompile Include="UnitTool.cpp">
      <Filter>00. Tool\04. Dialog\00. SecondWnd\00. UnitTool</Filter>
    </ClCompile>
    <ClCompile Include="EffectTool.cpp">
      <Filter>00. Tool\04. Dialog\00. SecondWnd\01. EffectTool</Filter>
    </ClCompile>
    <ClCompile Include="UI.cpp">
      <Filter>00. Tool\04. Dialog\00. SecondWnd\02. UI</Filter>
    </ClCompile>
    <ClCompile Include="NaviMesh.cpp">
      <Filter>00. Tool\04. Dialog\00. SecondWnd\03. NaviMesh</Filter>
    </ClCompile>
    <ClCompile Include="MyFont.cpp">
      <Filter>01. GameApp\97. Engine\01. Utility\02. Component\00. Component\07. Font</Filter>
    </ClCompile>
    <ClCompile Include="OnHeadFont.cpp">
      <Filter>01. GameApp\02. GameObject\02. UI\00. OnHeadFont</Filter>
    </ClCompile>
    <ClCompile Include="Navi.cpp">
      <Filter>01. GameApp\97. Engine\01. Utility\02. Component\00. Component\08. Navi</Filter>
    </ClCompile>
    <ClCompile Include="Cell.cpp">
      <Filter>01. GameApp\97. Engine\01. Utility\02. Component\00. Component\08. Navi\00. Cell</Filter>
    </ClCompile>
    <ClCompile Include="Line.cpp">
      <Filter>01. GameApp\97. Engine\01. Utility\02. Component\00. Component\08. Navi\01. Line</Filter>
    </ClCompile>
    <ClCompile Include="SkyBox.cpp">
      <Filter>01. GameApp\02. GameObject\99. Public\02. SkyBox</Filter>
    </ClCompile>
    <ClCompile Include="Cliff0.cpp">
      <Filter>01. GameApp\02. GameObject\00. Static_Mesh\00. Cliff\00. Cliff0</Filter>
    </ClCompile>
    <ClCompile Include="Cliff1.cpp">
      <Filter>01. GameApp\02. GameObject\00. Static_Mesh\00. Cliff\01. Cliff1</Filter>
    </ClCompile>
    <ClCompile Include="Cliff2.cpp">
      <Filter>01. GameApp\02. GameObject\00. Static_Mesh\00. Cliff\02. Cliff2</Filter>
    </ClCompile>
    <ClCompile Include="Cliff3.cpp">
      <Filter>01. GameApp\02. GameObject\00. Static_Mesh\00. Cliff\03. Cliff3</Filter>
    </ClCompile>
    <ClCompile Include="Cliff4.cpp">
      <Filter>01. GameApp\02. GameObject\00. Static_Mesh\00. Cliff\04. Cliff4</Filter>
    </ClCompile>
    <ClCompile Include="Fence0.cpp">
      <Filter>01. GameApp\02. GameObject\00. Static_Mesh\01. Fence\00. Fence0</Filter>
    </ClCompile>
    <ClCompile Include="Fence1.cpp">
      <Filter>01. GameApp\02. GameObject\00. Static_Mesh\01. Fence\01. Fence1</Filter>
    </ClCompile>
    <ClCompile Include="Fence2.cpp">
      <Filter>01. GameApp\02. GameObject\00. Static_Mesh\01. Fence\02. Fence2</Filter>
    </ClCompile>
    <ClCompile Include="Fence3.cpp">
      <Filter>01. GameApp\02. GameObject\00. Static_Mesh\01. Fence\03. Fence3</Filter>
    </ClCompile>
    <ClCompile Include="Fence4.cpp">
      <Filter>01. GameApp\02. GameObject\00. Static_Mesh\01. Fence\04. Fence4</Filter>
    </ClCompile>
    <ClCompile Include="Fence5.cpp">
      <Filter>01. GameApp\02. GameObject\00. Static_Mesh\01. Fence\05. Fence5</Filter>
    </ClCompile>
    <ClCompile Include="Fence6.cpp">
      <Filter>01. GameApp\02. GameObject\00. Static_Mesh\01. Fence\06. Fence6</Filter>
    </ClCompile>
    <ClCompile Include="Fence7.cpp">
      <Filter>01. GameApp\02. GameObject\00. Static_Mesh\01. Fence\07. Fence7</Filter>
    </ClCompile>
    <ClCompile Include="Flower0.cpp">
      <Filter>01. GameApp\02. GameObject\00. Static_Mesh\02. Flower\00. Flower0</Filter>
    </ClCompile>
    <ClCompile Include="Flower1.cpp">
      <Filter>01. GameApp\02. GameObject\00. Static_Mesh\02. Flower\01. Flower1</Filter>
    </ClCompile>
    <ClCompile Include="Flower2.cpp">
      <Filter>01. GameApp\02. GameObject\00. Static_Mesh\02. Flower\02. Flower2</Filter>
    </ClCompile>
    <ClCompile Include="Flower3.cpp">
      <Filter>01. GameApp\02. GameObject\00. Static_Mesh\02. Flower\03. Flower3</Filter>
    </ClCompile>
    <ClCompile Include="Flower4.cpp">
      <Filter>01. GameApp\02. GameObject\00. Static_Mesh\02. Flower\04. Flower4</Filter>
    </ClCompile>
    <ClCompile Include="Flower5.cpp">
      <Filter>01. GameApp\02. GameObject\00. Static_Mesh\02. Flower\05. Flower5</Filter>
    </ClCompile>
    <ClCompile Include="Flower6.cpp">
      <Filter>01. GameApp\02. GameObject\00. Static_Mesh\02. Flower\06. Flower6</Filter>
    </ClCompile>
    <ClCompile Include="Flower7.cpp">
      <Filter>01. GameApp\02. GameObject\00. Static_Mesh\02. Flower\07. Flower7</Filter>
    </ClCompile>
    <ClCompile Include="Flower8.cpp">
      <Filter>01. GameApp\02. GameObject\00. Static_Mesh\02. Flower\08. Flower8</Filter>
    </ClCompile>
    <ClCompile Include="Flower9.cpp">
      <Filter>01. GameApp\02. GameObject\00. Static_Mesh\02. Flower\09. Flower9</Filter>
    </ClCompile>
    <ClCompile Include="Flower10.cpp">
      <Filter>01. GameApp\02. GameObject\00. Static_Mesh\02. Flower\10. Flower10</Filter>
    </ClCompile>
    <ClCompile Include="Grass0.cpp">
      <Filter>01. GameApp\02. GameObject\00. Static_Mesh\03. Grass\00. Grass0</Filter>
    </ClCompile>
    <ClCompile Include="Grass1.cpp">
      <Filter>01. GameApp\02. GameObject\00. Static_Mesh\03. Grass\01. Grass1</Filter>
    </ClCompile>
    <ClCompile Include="Grass2.cpp">
      <Filter>01. GameApp\02. GameObject\00. Static_Mesh\03. Grass\02. Grass2</Filter>
    </ClCompile>
    <ClCompile Include="Grass3.cpp">
      <Filter>01. GameApp\02. GameObject\00. Static_Mesh\03. Grass\03. Grass3</Filter>
    </ClCompile>
    <ClCompile Include="Grass4.cpp">
      <Filter>01. GameApp\02. GameObject\00. Static_Mesh\03. Grass\04. Grass4</Filter>
    </ClCompile>
    <ClCompile Include="Grass5.cpp">
      <Filter>01. GameApp\02. GameObject\00. Static_Mesh\03. Grass\05. Grass5</Filter>
    </ClCompile>
    <ClCompile Include="Grass6.cpp">
      <Filter>01. GameApp\02. GameObject\00. Static_Mesh\03. Grass\06. Grass6</Filter>
    </ClCompile>
    <ClCompile Include="Grass7.cpp">
      <Filter>01. GameApp\02. GameObject\00. Static_Mesh\03. Grass\07. Grass7</Filter>
    </ClCompile>
    <ClCompile Include="Grass8.cpp">
      <Filter>01. GameApp\02. GameObject\00. Static_Mesh\03. Grass\08. Grass8</Filter>
    </ClCompile>
    <ClCompile Include="Grass9.cpp">
      <Filter>01. GameApp\02. GameObject\00. Static_Mesh\03. Grass\09. Grass9</Filter>
    </ClCompile>
    <ClCompile Include="Grass10.cpp">
      <Filter>01. GameApp\02. GameObject\00. Static_Mesh\03. Grass\10. Grass10</Filter>
    </ClCompile>
    <ClCompile Include="Grass11.cpp">
      <Filter>01. GameApp\02. GameObject\00. Static_Mesh\03. Grass\11. Grass11</Filter>
    </ClCompile>
    <ClCompile Include="Grass12.cpp">
      <Filter>01. GameApp\02. GameObject\00. Static_Mesh\03. Grass\12. Grass12</Filter>
    </ClCompile>
    <ClCompile Include="Grass13.cpp">
      <Filter>01. GameApp\02. GameObject\00. Static_Mesh\03. Grass\13. Grass13</Filter>
    </ClCompile>
    <ClCompile Include="Grass14.cpp">
      <Filter>01. GameApp\02. GameObject\00. Static_Mesh\03. Grass\14. Grass14</Filter>
    </ClCompile>
    <ClCompile Include="Grass15.cpp">
      <Filter>01. GameApp\02. GameObject\00. Static_Mesh\03. Grass\15. Grass15</Filter>
    </ClCompile>
    <ClCompile Include="Grass16.cpp">
      <Filter>01. GameApp\02. GameObject\00. Static_Mesh\03. Grass\16. Grass16</Filter>
    </ClCompile>
    <ClCompile Include="Grass17.cpp">
      <Filter>01. GameApp\02. GameObject\00. Static_Mesh\03. Grass\17. Grass17</Filter>
    </ClCompile>
    <ClCompile Include="Grass18.cpp">
      <Filter>01. GameApp\02. GameObject\00. Static_Mesh\03. Grass\18. Grass18</Filter>
    </ClCompile>
    <ClCompile Include="Grass19.cpp">
      <Filter>01. GameApp\02. GameObject\00. Static_Mesh\03. Grass\19. Grass19</Filter>
    </ClCompile>
    <ClCompile Include="Hill0.cpp">
      <Filter>01. GameApp\02. GameObject\00. Static_Mesh\04. Hill\00. Hill0</Filter>
    </ClCompile>
    <ClCompile Include="Hill1.cpp">
      <Filter>01. GameApp\02. GameObject\00. Static_Mesh\04. Hill\01. Hill1</Filter>
    </ClCompile>
    <ClCompile Include="Hill2.cpp">
      <Filter>01. GameApp\02. GameObject\00. Static_Mesh\04. Hill\02. Hill2</Filter>
    </ClCompile>
    <ClCompile Include="House0.cpp">
      <Filter>01. GameApp\02. GameObject\00. Static_Mesh\05. House\00. House0</Filter>
    </ClCompile>
    <ClCompile Include="Rock0.cpp">
      <Filter>01. GameApp\02. GameObject\00. Static_Mesh\06. Rock\00. Rock0</Filter>
    </ClCompile>
    <ClCompile Include="Rock1.cpp">
      <Filter>01. GameApp\02. GameObject\00. Static_Mesh\06. Rock\01. Rock1</Filter>
    </ClCompile>
    <ClCompile Include="Rock2.cpp">
      <Filter>01. GameApp\02. GameObject\00. Static_Mesh\06. Rock\02. Rock2</Filter>
    </ClCompile>
    <ClCompile Include="Rock3.cpp">
      <Filter>01. GameApp\02. GameObject\00. Static_Mesh\06. Rock\03. Rock3</Filter>
    </ClCompile>
    <ClCompile Include="Rock4.cpp">
      <Filter>01. GameApp\02. GameObject\00. Static_Mesh\06. Rock\04. Rock4</Filter>
    </ClCompile>
    <ClCompile Include="Rock5.cpp">
      <Filter>01. GameApp\02. GameObject\00. Static_Mesh\06. Rock\05. Rock5</Filter>
    </ClCompile>
    <ClCompile Include="Rock6.cpp">
      <Filter>01. GameApp\02. GameObject\00. Static_Mesh\06. Rock\06. Rock6</Filter>
    </ClCompile>
    <ClCompile Include="AnimationTool.cpp">
      <Filter>00. Tool\04. Dialog\00. SecondWnd\04. AnimationTool</Filter>
    </ClCompile>
    <ClCompile Include="Dynamic_Mesh.cpp">
      <Filter>01. GameApp\97. Engine\01. Utility\02. Component\00. Component\06. Mesh\01. Dynamic_Mesh</Filter>
    </ClCompile>
    <ClCompile Include="AnimationCtrl.cpp">
      <Filter>01. GameApp\97. Engine\01. Utility\02. Component\00. Component\06. Mesh\01. Dynamic_Mesh\00. AnimateCtrl</Filter>
    </ClCompile>
    <ClCompile Include="HierarchyLoader.cpp">
      <Filter>01. GameApp\97. Engine\01. Utility\02. Component\00. Component\06. Mesh\01. Dynamic_Mesh\01. Hierachy_Loader</Filter>
    </ClCompile>
    <ClCompile Include="Player.cpp">
      <Filter>01. GameApp\02. GameObject\01. Dynamic_Mesh\00. Player</Filter>
    </ClCompile>
    <ClCompile Include="Beatle.cpp">
      <Filter>01. GameApp\02. GameObject\01. Dynamic_Mesh\01. Beatle</Filter>
    </ClCompile>
    <ClCompile Include="Bee.cpp">
      <Filter>01. GameApp\02. GameObject\01. Dynamic_Mesh\02. Bee</Filter>
    </ClCompile>
    <ClCompile Include="Mantis.cpp">
      <Filter>01. GameApp\02. GameObject\01. Dynamic_Mesh\03. Mantis</Filter>
    </ClCompile>
    <ClCompile Include="Monkey.cpp">
      <Filter>01. GameApp\02. GameObject\01. Dynamic_Mesh\04. Monkey</Filter>
    </ClCompile>
    <ClCompile Include="NPC.cpp">
      <Filter>01. GameApp\02. GameObject\01. Dynamic_Mesh\05. NPC</Filter>
    </ClCompile>
    <ClCompile Include="Tower.cpp">
      <Filter>01. GameApp\02. GameObject\01. Dynamic_Mesh\06. Tower</Filter>
    </ClCompile>
    <ClCompile Include="Vergos.cpp">
      <Filter>01. GameApp\02. GameObject\01. Dynamic_Mesh\07. Vergos</Filter>
    </ClCompile>
    <ClCompile Include="HP.cpp">
      <Filter>01. GameApp\02. GameObject\02. UI\01. HP</Filter>
    </ClCompile>
    <ClCompile Include="MP.cpp">
      <Filter>01. GameApp\02. GameObject\02. UI\03. MP</Filter>
    </ClCompile>
    <ClCompile Include="TerrainTool.cpp">
      <Filter>00. Tool\04. Dialog\00. SecondWnd\05. TerrainTool</Filter>
    </ClCompile>
    <ClCompile Include="Back_Hp.cpp">
      <Filter>01. GameApp\02. GameObject\02. UI\02. Back_Hp</Filter>
    </ClCompile>
    <ClCompile Include="Back_Mp.cpp">
      <Filter>01. GameApp\02. GameObject\02. UI\04. Back_Mp</Filter>
    </ClCompile>
    <ClCompile Include="Tree0.cpp">
      <Filter>01. GameApp\02. GameObject\00. Static_Mesh\07. Tree\00. Tree0</Filter>
    </ClCompile>
    <ClCompile Include="Tree1.cpp">
      <Filter>01. GameApp\02. GameObject\00. Static_Mesh\07. Tree\01. Tree1</Filter>
    </ClCompile>
    <ClCompile Include="Tree2.cpp">
      <Filter>01. GameApp\02. GameObject\00. Static_Mesh\07. Tree\02. Tree2</Filter>
    </ClCompile>
    <ClCompile Include="Tree3.cpp">
      <Filter>01. GameApp\02. GameObject\00. Static_Mesh\07. Tree\03. Tree3</Filter>
    </ClCompile>
    <ClCompile Include="Tree4.cpp">
      <Filter>01. GameApp\02. GameObject\00. Static_Mesh\07. Tree\04. Tree4</Filter>
    </ClCompile>
    <ClCompile Include="Tree5.cpp">
      <Filter>01. GameApp\02. GameObject\00. Static_Mesh\07. Tree\05. Tree5</Filter>
    </ClCompile>
    <ClCompile Include="Tree6.cpp">
      <Filter>01. GameApp\02. GameObject\00. Static_Mesh\07. Tree\06. Tree6</Filter>
    </ClCompile>
    <ClCompile Include="Tree7.cpp">
      <Filter>01. GameApp\02. GameObject\00. Static_Mesh\07. Tree\07. Tree7</Filter>
    </ClCompile>
    <ClCompile Include="Tree8.cpp">
      <Filter>01. GameApp\02. GameObject\00. Static_Mesh\07. Tree\08. Tree8</Filter>
    </ClCompile>
    <ClCompile Include="Wall0.cpp">
      <Filter>01. GameApp\02. GameObject\00. Static_Mesh\08. Wall\00. Wall0</Filter>
    </ClCompile>
    <ClCompile Include="Wall1.cpp">
      <Filter>01. GameApp\02. GameObject\00. Static_Mesh\08. Wall\01. Wall1</Filter>
    </ClCompile>
    <ClCompile Include="Wall2.cpp">
      <Filter>01. GameApp\02. GameObject\00. Static_Mesh\08. Wall\02. Wall2</Filter>
    </ClCompile>
    <ClCompile Include="Wall3.cpp">
      <Filter>01. GameApp\02. GameObject\00. Static_Mesh\08. Wall\03. Wall3</Filter>
    </ClCompile>
    <ClCompile Include="Wall4.cpp">
      <Filter>01. GameApp\02. GameObject\00. Static_Mesh\08. Wall\04. Wall4</Filter>
    </ClCompile>
    <ClCompile Include="Wall5.cpp">
      <Filter>01. GameApp\02. GameObject\00. Static_Mesh\08. Wall\05. Wall5</Filter>
    </ClCompile>
    <ClCompile Include="Wall6.cpp">
      <Filter>01. GameApp\02. GameObject\00. Static_Mesh\08. Wall\06. Wall6</Filter>
    </ClCompile>
    <ClCompile Include="Wall7.cpp">
      <Filter>01. GameApp\02. GameObject\00. Static_Mesh\08. Wall\07. Wall7</Filter>
    </ClCompile>
    <ClCompile Include="Wall8.cpp">
      <Filter>01. GameApp\02. GameObject\00. Static_Mesh\08. Wall\08. Wall8</Filter>
    </ClCompile>
    <ClCompile Include="Wall9.cpp">
      <Filter>01. GameApp\02. GameObject\00. Static_Mesh\08. Wall\09. Wall9</Filter>
    </ClCompile>
    <ClCompile Include="Wall10.cpp">
      <Filter>01. GameApp\02. GameObject\00. Static_Mesh\08. Wall\10. Wall10</Filter>
    </ClCompile>
    <ClCompile Include="SkHouse0.cpp">
      <Filter>01. GameApp\02. GameObject\00. Static_Mesh\07. SkHouse\00. SkHouse0</Filter>
    </ClCompile>
    <ClCompile Include="SkHouse1.cpp">
      <Filter>01. GameApp\02. GameObject\00. Static_Mesh\07. SkHouse\01. SkHouse1</Filter>
    </ClCompile>
    <ClCompile Include="SkHouse2.cpp">
      <Filter>01. GameApp\02. GameObject\00. Static_Mesh\07. SkHouse\02. SkHouse2</Filter>
    </ClCompile>
    <ClCompile Include="UD_Worker.cpp">
      <Filter>01. GameApp\02. GameObject\01. Dynamic_Mesh\08. Useless\00. UD_Worker</Filter>
    </ClCompile>
    <ClCompile Include="UD_LightCarvarly.cpp">
      <Filter>01. GameApp\02. GameObject\01. Dynamic_Mesh\08. Useless\01. UD_LightCavarly</Filter>
    </ClCompile>
    <ClCompile Include="UD_HeavyInfantry.cpp">
      <Filter>01. GameApp\02. GameObject\01. Dynamic_Mesh\08. Useless\02. UD_HeavyInfantry</Filter>
    </ClCompile>
    <ClCompile Include="EffectBuffer.cpp">
      <Filter>01. GameApp\02. GameObject\03. Effect\00. EffectBuffer</Filter>
    </ClCompile>
  </ItemGroup>
  <ItemGroup>
    <Image Include="res\Tool.ico">
      <Filter>99. Default</Filter>
    </Image>
    <Image Include="res\Toolbar.bmp">
      <Filter>99. Default</Filter>
    </Image>
    <Image Include="res\ToolDoc.ico">
      <Filter>99. Default</Filter>
    </Image>
  </ItemGroup>
  <ItemGroup>
    <ResourceCompile Include="Tool.rc">
      <Filter>99. Default</Filter>
    </ResourceCompile>
  </ItemGroup>
  <ItemGroup>
    <None Include="res\Tool.rc2">
      <Filter>99. Default</Filter>
    </None>
  </ItemGroup>
  <ItemGroup>
    <Text Include="ReadMe.txt">
      <Filter>99. Default</Filter>
    </Text>
  </ItemGroup>
  <ItemGroup>
    <FxCompile Include="ShaderFiles\Shader_Default.fx">
      <Filter>01. GameApp\96. ShaderFiles</Filter>
    </FxCompile>
    <FxCompile Include="ShaderFiles\Shader_Mesh.fx">
      <Filter>01. GameApp\96. ShaderFiles</Filter>
    </FxCompile>
    <FxCompile Include="ShaderFiles\Shader_Terrain.fx">
      <Filter>01. GameApp\96. ShaderFiles</Filter>
    </FxCompile>
    <FxCompile Include="ShaderFiles\Shader_Sky.fx">
      <Filter>01. GameApp\96. ShaderFiles</Filter>
    </FxCompile>
  </ItemGroup>
</Project>